
Microsoft Visual Studio Solution File, Format Version 12.00
# Visual Studio Version 16
VisualStudioVersion = 16.0.30517.126
MinimumVisualStudioVersion = 10.0.40219.1
Project("{FAE04EC0-301F-11D3-BF4B-00C04F79EFBC}") = "TestDacFxNugetForMDS", "TestDacFxNugetForMDS\TestDacFxNugetForMDS.csproj", "{DC86633C-A299-4E61-A57A-91E03BD7E5C9}"
EndProject
Global
	GlobalSection(SolutionConfigurationPlatforms) = preSolution
		Debug|Any CPU = Debug|Any CPU
		Release|Any CPU = Release|Any CPU
	EndGlobalSection
	GlobalSection(ProjectConfigurationPlatforms) = postSolution
		{DC86633C-A299-4E61-A57A-91E03BD7E5C9}.Debug|Any CPU.ActiveCfg = Debug|Any CPU
		{DC86633C-A299-4E61-A57A-91E03BD7E5C9}.Debug|Any CPU.Build.0 = Debug|Any CPU
		{DC86633C-A299-4E61-A57A-91E03BD7E5C9}.Release|Any CPU.ActiveCfg = Release|Any CPU
		{DC86633C-A299-4E61-A57A-91E03BD7E5C9}.Release|Any CPU.Build.0 = Release|Any CPU
	EndGlobalSection
	GlobalSection(SolutionProperties) = preSolution
		HideSolutionNode = FALSE
	EndGlobalSection
	GlobalSection(ExtensibilityGlobals) = postSolution
		SolutionGuid = {C5E522CA-9622-4282-91A1-E06E53919DC9}
	EndGlobalSection
EndGlobal
